
Microsoft Visual Studio Solution File, Format Version 12.00
# Visual Studio Version 17
VisualStudioVersion = 17.1.32210.238
MinimumVisualStudioVersion = 10.0.40219.1
Project("{FAE04EC0-301F-11D3-BF4B-00C04F79EFBC}") = "Project", "Project\Project.csproj", "{77163462-E604-4B14-9B78-761DD4A65545}"
EndProject
Global
	GlobalSection(SolutionConfigurationPlatforms) = preSolution
		Debug|Any CPU = Debug|Any CPU
		Release|Any CPU = Release|Any CPU
	EndGlobalSection
	GlobalSection(ProjectConfigurationPlatforms) = postSolution
		{77163462-E604-4B14-9B78-761DD4A65545}.Debug|Any CPU.ActiveCfg = Debug|Any CPU
		{77163462-E604-4B14-9B78-761DD4A65545}.Debug|Any CPU.Build.0 = Debug|Any CPU
		{77163462-E604-4B14-9B78-761DD4A65545}.Release|Any CPU.ActiveCfg = Release|Any CPU
		{77163462-E604-4B14-9B78-761DD4A65545}.Release|Any CPU.Build.0 = Release|Any CPU
	EndGlobalSection
	GlobalSection(SolutionProperties) = preSolution
		HideSolutionNode = FALSE
	EndGlobalSection
	GlobalSection(ExtensibilityGlobals) = postSolution
		SolutionGuid = {57D6D81A-9D05-46C7-AB90-5F57FE3362FF}
	EndGlobalSection
EndGlobal
